PODS:
  - GoogleMaps (5.1.0):
    - GoogleMaps/Maps (= 5.1.0)
  - GoogleMaps/Base (5.1.0)
  - GoogleMaps/Maps (5.1.0):
    - GoogleMaps/Base
  - GoogleMapsPlatformCombine (0.3.1):
    - GoogleMapsPlatformCombine/Maps (= 0.3.1)
    - GoogleMapsPlatformCombine/Places (= 0.3.1)
  - GoogleMapsPlatformCombine/Maps (0.3.1):
    - GoogleMaps (= 5.1.0)
  - GoogleMapsPlatformCombine/Places (0.3.1):
    - GooglePlaces (= 5.0.0)
  - GoogleMapsPlatformCombine/Tests (0.3.1):
    - OCMock
  - GooglePlaces (5.0.0)
  - OCMock (3.8.1)

DEPENDENCIES:
  - GoogleMapsPlatformCombine (from `../`)
  - GoogleMapsPlatformCombine/Tests (from `../`)

SPEC REPOS:
  trunk:
    - GoogleMaps
    - GooglePlaces
    - OCMock

EXTERNAL SOURCES:
  GoogleMapsPlatformCombine:
    :path: "../"

SPEC CHECKSUMS:
  GoogleMaps: 086ae1dab659eaa7339bdb30fc88e2f44e7c597c
  GoogleMapsPlatformCombine: 61083eb467d3b8eafec84159ce687897d2c0365c
  GooglePlaces: 5d87ca13ed98b7a937e0d8bc7026f718c7263271
  OCMock: 29f6e52085b4e7d9b075cbf03ed7c3112f82f934

PODFILE CHECKSUM: f11b1fc695da1f97d428fc382a40d8b2ce0382cb

COCOAPODS: 1.9.1
