PODS:
  - GoogleMaps (9.4.0):
    - GoogleMaps/Maps (= 9.4.0)
  - GoogleMaps/Maps (9.4.0)
  - GoogleMapsPlatformCombine (0.3.1):
    - GoogleMapsPlatformCombine/Maps (= 0.3.1)
    - GoogleMapsPlatformCombine/Places (= 0.3.1)
  - GoogleMapsPlatformCombine/Maps (0.3.1):
    - GoogleMaps (>= 9.0)
  - GoogleMapsPlatformCombine/Places (0.3.1):
    - GooglePlaces (>= 8.0)
  - GoogleMapsPlatformCombine/Tests (0.3.1):
    - OCMock
  - GooglePlaces (9.4.1)
  - OCMock (3.9.4)

DEPENDENCIES:
  - GoogleMapsPlatformCombine (from `../`)
  - GoogleMapsPlatformCombine/Tests (from `../`)

SPEC REPOS:
  trunk:
    - GoogleMaps
    - GooglePlaces
    - OCMock

EXTERNAL SOURCES:
  GoogleMapsPlatformCombine:
    :path: "../"

SPEC CHECKSUMS:
  GoogleMaps: 0608099d4870cac8754bdba9b6953db543432438
  GoogleMapsPlatformCombine: 71de5b0ff0ce10e88764b709b4ca06d3db56cf21
  GooglePlaces: 8afca6c4e946472e91298589d1640d614b51749a
  OCMock: 589f2c84dacb1f5aaf6e4cec1f292551fe748e74

PODFILE CHECKSUM: cacddf3ded707746911aab23c2a608c2ca848110

COCOAPODS: 1.15.2
